
Microsoft Visual Studio Solution File, Format Version 12.00
# Visual Studio 15
VisualStudioVersion = 15.0.27130.2027
MinimumVisualStudioVersion = 10.0.40219.1
Project("{00D1A9C2-B5F0-4AF3-8072-F6C62B433612}") = "F18TurneringsSkakklub", "F18TurneringsSkakklub\F18TurneringsSkakklub.sqlproj", "{9B9AA4CF-4861-472B-9DEE-E0F5F19EE05D}"
EndProject
Project("{FAE04EC0-301F-11D3-BF4B-00C04F79EFBC}") = "F18DDDDesign", "F18DDDDesign\F18DDDDesign.csproj", "{7EFF205D-8C7A-4F8E-8002-814461DF851A}"
EndProject
Project("{00D1A9C2-B5F0-4AF3-8072-F6C62B433612}") = "TestConnectionString", "TestConnectionString\TestConnectionString.sqlproj", "{8B37AFA0-4F8B-492B-9529-BC0ECA606EE8}"
EndProject
Project("{00D1A9C2-B5F0-4AF3-8072-F6C62B433612}") = "RusselProject", "RusselProject\RusselProject.sqlproj", "{E3A3B078-ECD2-47D4-B2D7-B6738EBB0BFC}"
EndProject
Project("{00D1A9C2-B5F0-4AF3-8072-F6C62B433612}") = "I4DABLockTest", "I4DABLockTest\I4DABLockTest.sqlproj", "{58BB3D4A-2C21-4CC0-9FF5-E551AB090CC2}"
EndProject
Project("{FAE04EC0-301F-11D3-BF4B-00C04F79EFBC}") = "CodeFirstNewDatabaseSample", "CodeFirstNewDatabaseSample\CodeFirstNewDatabaseSample.csproj", "{00472A0F-6ED1-44A2-A68C-69476EB94936}"
EndProject
Project("{00D1A9C2-B5F0-4AF3-8072-F6C62B433612}") = "Database1", "Database1\Database1.sqlproj", "{A5AC8163-9349-402C-BE71-AFA15D72570D}"
EndProject
Project("{00D1A9C2-B5F0-4AF3-8072-F6C62B433612}") = "Database2", "Database2\Database2.sqlproj", "{6258CE38-70F1-48CB-B5A2-4F8F4070673F}"
EndProject
Project("{FAE04EC0-301F-11D3-BF4B-00C04F79EFBC}") = "MtOMAttribute", "MtOMAttribute\MtOMAttribute.csproj", "{BF351C2A-32E9-4F84-ACFB-DF957E1C8279}"
EndProject
Global
	GlobalSection(SolutionConfigurationPlatforms) = preSolution
		Debug|Any CPU = Debug|Any CPU
		Release|Any CPU = Release|Any CPU
	EndGlobalSection
	GlobalSection(ProjectConfigurationPlatforms) = postSolution
		{9B9AA4CF-4861-472B-9DEE-E0F5F19EE05D}.Debug|Any CPU.ActiveCfg = Debug|Any CPU
		{9B9AA4CF-4861-472B-9DEE-E0F5F19EE05D}.Debug|Any CPU.Build.0 = Debug|Any CPU
		{9B9AA4CF-4861-472B-9DEE-E0F5F19EE05D}.Debug|Any CPU.Deploy.0 = Debug|Any CPU
		{9B9AA4CF-4861-472B-9DEE-E0F5F19EE05D}.Release|Any CPU.ActiveCfg = Release|Any CPU
		{9B9AA4CF-4861-472B-9DEE-E0F5F19EE05D}.Release|Any CPU.Build.0 = Release|Any CPU
		{9B9AA4CF-4861-472B-9DEE-E0F5F19EE05D}.Release|Any CPU.Deploy.0 = Release|Any CPU
		{7EFF205D-8C7A-4F8E-8002-814461DF851A}.Debug|Any CPU.ActiveCfg = Debug|Any CPU
		{7EFF205D-8C7A-4F8E-8002-814461DF851A}.Debug|Any CPU.Build.0 = Debug|Any CPU
		{7EFF205D-8C7A-4F8E-8002-814461DF851A}.Release|Any CPU.ActiveCfg = Release|Any CPU
		{7EFF205D-8C7A-4F8E-8002-814461DF851A}.Release|Any CPU.Build.0 = Release|Any CPU
		{8B37AFA0-4F8B-492B-9529-BC0ECA606EE8}.Debug|Any CPU.ActiveCfg = Debug|Any CPU
		{8B37AFA0-4F8B-492B-9529-BC0ECA606EE8}.Debug|Any CPU.Build.0 = Debug|Any CPU
		{8B37AFA0-4F8B-492B-9529-BC0ECA606EE8}.Debug|Any CPU.Deploy.0 = Debug|Any CPU
		{8B37AFA0-4F8B-492B-9529-BC0ECA606EE8}.Release|Any CPU.ActiveCfg = Release|Any CPU
		{8B37AFA0-4F8B-492B-9529-BC0ECA606EE8}.Release|Any CPU.Build.0 = Release|Any CPU
		{8B37AFA0-4F8B-492B-9529-BC0ECA606EE8}.Release|Any CPU.Deploy.0 = Release|Any CPU
		{E3A3B078-ECD2-47D4-B2D7-B6738EBB0BFC}.Debug|Any CPU.ActiveCfg = Debug|Any CPU
		{E3A3B078-ECD2-47D4-B2D7-B6738EBB0BFC}.Debug|Any CPU.Build.0 = Debug|Any CPU
		{E3A3B078-ECD2-47D4-B2D7-B6738EBB0BFC}.Debug|Any CPU.Deploy.0 = Debug|Any CPU
		{E3A3B078-ECD2-47D4-B2D7-B6738EBB0BFC}.Release|Any CPU.ActiveCfg = Release|Any CPU
		{E3A3B078-ECD2-47D4-B2D7-B6738EBB0BFC}.Release|Any CPU.Build.0 = Release|Any CPU
		{E3A3B078-ECD2-47D4-B2D7-B6738EBB0BFC}.Release|Any CPU.Deploy.0 = Release|Any CPU
		{58BB3D4A-2C21-4CC0-9FF5-E551AB090CC2}.Debug|Any CPU.ActiveCfg = Debug|Any CPU
		{58BB3D4A-2C21-4CC0-9FF5-E551AB090CC2}.Debug|Any CPU.Build.0 = Debug|Any CPU
		{58BB3D4A-2C21-4CC0-9FF5-E551AB090CC2}.Debug|Any CPU.Deploy.0 = Debug|Any CPU
		{58BB3D4A-2C21-4CC0-9FF5-E551AB090CC2}.Release|Any CPU.ActiveCfg = Release|Any CPU
		{58BB3D4A-2C21-4CC0-9FF5-E551AB090CC2}.Release|Any CPU.Build.0 = Release|Any CPU
		{58BB3D4A-2C21-4CC0-9FF5-E551AB090CC2}.Release|Any CPU.Deploy.0 = Release|Any CPU
		{00472A0F-6ED1-44A2-A68C-69476EB94936}.Debug|Any CPU.ActiveCfg = Debug|Any CPU
		{00472A0F-6ED1-44A2-A68C-69476EB94936}.Debug|Any CPU.Build.0 = Debug|Any CPU
		{00472A0F-6ED1-44A2-A68C-69476EB94936}.Release|Any CPU.ActiveCfg = Release|Any CPU
		{00472A0F-6ED1-44A2-A68C-69476EB94936}.Release|Any CPU.Build.0 = Release|Any CPU
		{A5AC8163-9349-402C-BE71-AFA15D72570D}.Debug|Any CPU.ActiveCfg = Debug|Any CPU
		{A5AC8163-9349-402C-BE71-AFA15D72570D}.Debug|Any CPU.Build.0 = Debug|Any CPU
		{A5AC8163-9349-402C-BE71-AFA15D72570D}.Debug|Any CPU.Deploy.0 = Debug|Any CPU
		{A5AC8163-9349-402C-BE71-AFA15D72570D}.Release|Any CPU.ActiveCfg = Release|Any CPU
		{A5AC8163-9349-402C-BE71-AFA15D72570D}.Release|Any CPU.Build.0 = Release|Any CPU
		{A5AC8163-9349-402C-BE71-AFA15D72570D}.Release|Any CPU.Deploy.0 = Release|Any CPU
		{6258CE38-70F1-48CB-B5A2-4F8F4070673F}.Debug|Any CPU.ActiveCfg = Debug|Any CPU
		{6258CE38-70F1-48CB-B5A2-4F8F4070673F}.Debug|Any CPU.Build.0 = Debug|Any CPU
		{6258CE38-70F1-48CB-B5A2-4F8F4070673F}.Debug|Any CPU.Deploy.0 = Debug|Any CPU
		{6258CE38-70F1-48CB-B5A2-4F8F4070673F}.Release|Any CPU.ActiveCfg = Release|Any CPU
		{6258CE38-70F1-48CB-B5A2-4F8F4070673F}.Release|Any CPU.Build.0 = Release|Any CPU
		{6258CE38-70F1-48CB-B5A2-4F8F4070673F}.Release|Any CPU.Deploy.0 = Release|Any CPU
		{BF351C2A-32E9-4F84-ACFB-DF957E1C8279}.Debug|Any CPU.ActiveCfg = Debug|Any CPU
		{BF351C2A-32E9-4F84-ACFB-DF957E1C8279}.Debug|Any CPU.Build.0 = Debug|Any CPU
		{BF351C2A-32E9-4F84-ACFB-DF957E1C8279}.Release|Any CPU.ActiveCfg = Release|Any CPU
		{BF351C2A-32E9-4F84-ACFB-DF957E1C8279}.Release|Any CPU.Build.0 = Release|Any CPU
	EndGlobalSection
	GlobalSection(SolutionProperties) = preSolution
		HideSolutionNode = FALSE
	EndGlobalSection
	GlobalSection(ExtensibilityGlobals) = postSolution
		SolutionGuid = {31185519-E697-492A-9573-1DDA27481B7F}
	EndGlobalSection
EndGlobal
